// !$*UTF8*$!
{
	archiveVersion = 1;
	classes = {
	};
	objectVersion = 50;
	objects = {

/* Begin PBXBuildFile section */
		B41B2A3825B88A2C0057E210 /* AppDelegate.swift in Sources */ = {isa = PBXBuildFile; fileRef = B41B2A3725B88A2C0057E210 /* AppDelegate.swift */; };
		B41B2A3A25B88A2C0057E210 /* SceneDelegate.swift in Sources */ = {isa = PBXBuildFile; fileRef = B41B2A3925B88A2C0057E210 /* SceneDelegate.swift */; };
		B41B2A3F25B88A2C0057E210 /* Main.storyboard in Resources */ = {isa = PBXBuildFile; fileRef = B41B2A3D25B88A2C0057E210 /* Main.storyboard */; };
		B41B2A4125B88A2D0057E210 /* Assets.xcassets in Resources */ = {isa = PBXBuildFile; fileRef = B41B2A4025B88A2D0057E210 /* Assets.xcassets */; };
		B41B2A4425B88A2D0057E210 /* LaunchScreen.storyboard in Resources */ = {isa = PBXBuildFile; fileRef = B41B2A4225B88A2D0057E210 /* LaunchScreen.storyboard */; };
		B41B2A4E25B88A510057E210 /* dark_background.pdf in Resources */ = {isa = PBXBuildFile; fileRef = B41B2A4C25B88A510057E210 /* dark_background.pdf */; };
		B41B2A4F25B88A510057E210 /* light_background.pdf in Resources */ = {isa = PBXBuildFile; fileRef = B41B2A4D25B88A510057E210 /* light_background.pdf */; };
		B41B2A5625B88FA00057E210 /* WeatherViewController.swift in Sources */ = {isa = PBXBuildFile; fileRef = B41B2A5525B88FA00057E210 /* WeatherViewController.swift */; };
		B41B2A5F25B9E4260057E210 /* WeatherManager.swift in Sources */ = {isa = PBXBuildFile; fileRef = B41B2A5E25B9E4260057E210 /* WeatherManager.swift */; };
		B41B2A6225B9E6CC0057E210 /* WeatherData.swift in Sources */ = {isa = PBXBuildFile; fileRef = B41B2A6125B9E6CC0057E210 /* WeatherData.swift */; };
		B41B2A6625B9F0910057E210 /* WeatherModel.swift in Sources */ = {isa = PBXBuildFile; fileRef = B41B2A6525B9F0910057E210 /* WeatherModel.swift */; };
/* End PBXBuildFile section */

/* Begin PBXFileReference section */
		B41B2A3425B88A2C0057E210 /* ClimaApp.app */ = {isa = PBXFileReference; explicitFileType = wrapper.application; includeInIndex = 0; path = ClimaApp.app; sourceTree = BUILT_PRODUCTS_DIR; };
		B41B2A3725B88A2C0057E210 /* AppDelegate.swift */ = {isa = PBXFileReference; lastKnownFileType = sourcecode.swift; path = AppDelegate.swift; sourceTree = "<group>"; };
		B41B2A3925B88A2C0057E210 /* SceneDelegate.swift */ = {isa = PBXFileReference; lastKnownFileType = sourcecode.swift; path = SceneDelegate.swift; sourceTree = "<group>"; };
		B41B2A3E25B88A2C0057E210 /* Base */ = {isa = PBXFileReference; lastKnownFileType = file.storyboard; name = Base; path = Base.lproj/Main.storyboard; sourceTree = "<group>"; };
		B41B2A4025B88A2D0057E210 /* Assets.xcassets */ = {isa = PBXFileReference; lastKnownFileType = folder.assetcatalog; path = Assets.xcassets; sourceTree = "<group>"; };
		B41B2A4325B88A2D0057E210 /* Base */ = {isa = PBXFileReference; lastKnownFileType = file.storyboard; name = Base; path = Base.lproj/LaunchScreen.storyboard; sourceTree = "<group>"; };
		B41B2A4525B88A2D0057E210 /* Info.plist */ = {isa = PBXFileReference; lastKnownFileType = text.plist.xml; path = Info.plist; sourceTree = "<group>"; };
		B41B2A4C25B88A510057E210 /* dark_background.pdf */ = {isa = PBXFileReference; lastKnownFileType = image.pdf; path = dark_background.pdf; sourceTree = "<group>"; };
		B41B2A4D25B88A510057E210 /* light_background.pdf */ = {isa = PBXFileReference; lastKnownFileType = image.pdf; path = light_background.pdf; sourceTree = "<group>"; };
		B41B2A5525B88FA00057E210 /* WeatherViewController.swift */ = {isa = PBXFileReference; lastKnownFileType = sourcecode.swift; path = WeatherViewController.swift; sourceTree = "<group>"; };
		B41B2A5E25B9E4260057E210 /* WeatherManager.swift */ = {isa = PBXFileReference; lastKnownFileType = sourcecode.swift; path = WeatherManager.swift; sourceTree = "<group>"; };
		B41B2A6125B9E6CC0057E210 /* WeatherData.swift */ = {isa = PBXFileReference; lastKnownFileType = sourcecode.swift; path = WeatherData.swift; sourceTree = "<group>"; };
		B41B2A6525B9F0910057E210 /* WeatherModel.swift */ = {isa = PBXFileReference; lastKnownFileType = sourcecode.swift; path = WeatherModel.swift; sourceTree = "<group>"; };
/* End PBXFileReference section */

/* Begin PBXFrameworksBuildPhase section */
		B41B2A3125B88A2C0057E210 /* Frameworks */ = {
			isa = PBXFrameworksBuildPhase;
			buildActionMask = 2147483647;
			files = (
			);
			runOnlyForDeploymentPostprocessing = 0;
		};
/* End PBXFrameworksBuildPhase section */

/* Begin PBXGroup section */
		B41B2A2B25B88A2C0057E210 = {
			isa = PBXGroup;
			children = (
				B41B2A3625B88A2C0057E210 /* ClimaApp */,
				B41B2A3525B88A2C0057E210 /* Products */,
			);
			sourceTree = "<group>";
		};
		B41B2A3525B88A2C0057E210 /* Products */ = {
			isa = PBXGroup;
			children = (
				B41B2A3425B88A2C0057E210 /* ClimaApp.app */,
			);
			name = Products;
			sourceTree = "<group>";
		};
		B41B2A3625B88A2C0057E210 /* ClimaApp */ = {
			isa = PBXGroup;
			children = (
				B41B2A3725B88A2C0057E210 /* AppDelegate.swift */,
				B41B2A3925B88A2C0057E210 /* SceneDelegate.swift */,
				B41B2A5C25B89F610057E210 /* Views */,
				B41B2A5B25B89F500057E210 /* Models */,
				B41B2A5925B89F3C0057E210 /* ViewControllers */,
				B41B2A4025B88A2D0057E210 /* Assets.xcassets */,
				B41B2A4225B88A2D0057E210 /* LaunchScreen.storyboard */,
				B41B2A4525B88A2D0057E210 /* Info.plist */,
				B41B2A4C25B88A510057E210 /* dark_background.pdf */,
				B41B2A4D25B88A510057E210 /* light_background.pdf */,
			);
			path = ClimaApp;
			sourceTree = "<group>";
		};
		B41B2A5925B89F3C0057E210 /* ViewControllers */ = {
			isa = PBXGroup;
			children = (
				B41B2A5525B88FA00057E210 /* WeatherViewController.swift */,
			);
			path = ViewControllers;
			sourceTree = "<group>";
		};
		B41B2A5B25B89F500057E210 /* Models */ = {
			isa = PBXGroup;
			children = (
				B41B2A5E25B9E4260057E210 /* WeatherManager.swift */,
				B41B2A6125B9E6CC0057E210 /* WeatherData.swift */,
				B41B2A6525B9F0910057E210 /* WeatherModel.swift */,
			);
			path = Models;
			sourceTree = "<group>";
		};
		B41B2A5C25B89F610057E210 /* Views */ = {
			isa = PBXGroup;
			children = (
				B41B2A3D25B88A2C0057E210 /* Main.storyboard */,
			);
			path = Views;
			sourceTree = "<group>";
		};
/* End PBXGroup section */

/* Begin PBXNativeTarget section */
		B41B2A3325B88A2C0057E210 /* ClimaApp */ = {
			isa = PBXNativeTarget;
			buildConfigurationList = B41B2A4825B88A2D0057E210 /* Build configuration list for PBXNativeTarget "ClimaApp" */;
			buildPhases = (
				B41B2A3025B88A2C0057E210 /* Sources */,
				B41B2A3125B88A2C0057E210 /* Frameworks */,
				B41B2A3225B88A2C0057E210 /* Resources */,
			);
			buildRules = (
			);
			dependencies = (
			);
			name = ClimaApp;
			productName = ClimaApp;
			productReference = B41B2A3425B88A2C0057E210 /* ClimaApp.app */;
			productType = "com.apple.product-type.application";
		};
/* End PBXNativeTarget section */

/* Begin PBXProject section */
		B41B2A2C25B88A2C0057E210 /* Project object */ = {
			isa = PBXProject;
			attributes = {
				LastSwiftUpdateCheck = 1230;
				LastUpgradeCheck = 1230;
				TargetAttributes = {
					B41B2A3325B88A2C0057E210 = {
						CreatedOnToolsVersion = 12.3;
					};
				};
			};
			buildConfigurationList = B41B2A2F25B88A2C0057E210 /* Build configuration list for PBXProject "ClimaApp" */;
			compatibilityVersion = "Xcode 9.3";
			developmentRegion = en;
			hasScannedForEncodings = 0;
			knownRegions = (
				en,
				Base,
			);
			mainGroup = B41B2A2B25B88A2C0057E210;
			productRefGroup = B41B2A3525B88A2C0057E210 /* Products */;
			projectDirPath = "";
			projectRoot = "";
			targets = (
				B41B2A3325B88A2C0057E210 /* ClimaApp */,
			);
		};
/* End PBXProject section */

/* Begin PBXResourcesBuildPhase section */
		B41B2A3225B88A2C0057E210 /* Resources */ = {
			isa = PBXResourcesBuildPhase;
			buildActionMask = 2147483647;
			files = (
				B41B2A4F25B88A510057E210 /* light_background.pdf in Resources */,
				B41B2A4E25B88A510057E210 /* dark_background.pdf in Resources */,
				B41B2A4425B88A2D0057E210 /* LaunchScreen.storyboard in Resources */,
				B41B2A4125B88A2D0057E210 /* Assets.xcassets in Resources */,
				B41B2A3F25B88A2C0057E210 /* Main.storyboard in Resources */,
			);
			runOnlyForDeploymentPostprocessing = 0;
		};
/* End PBXResourcesBuildPhase section */

/* Begin PBXSourcesBuildPhase section */
		B41B2A3025B88A2C0057E210 /* Sources */ = {
			isa = PBXSourcesBuildPhase;
			buildActionMask = 2147483647;
			files = (
				B41B2A3825B88A2C0057E210 /* AppDelegate.swift in Sources */,
				B41B2A6225B9E6CC0057E210 /* WeatherData.swift in Sources */,
				B41B2A5625B88FA00057E210 /* WeatherViewController.swift in Sources */,
				B41B2A5F25B9E4260057E210 /* WeatherManager.swift in Sources */,
				B41B2A6625B9F0910057E210 /* WeatherModel.swift in Sources */,
				B41B2A3A25B88A2C0057E210 /* SceneDelegate.swift in Sources */,
			);
			runOnlyForDeploymentPostprocessing = 0;
		};
/* End PBXSourcesBuildPhase section */

/* Begin PBXVariantGroup section */
		B41B2A3D25B88A2C0057E210 /* Main.storyboard */ = {
			isa = PBXVariantGroup;
			children = (
				B41B2A3E25B88A2C0057E210 /* Base */,
			);
			name = Main.storyboard;
			sourceTree = "<group>";
		};
		B41B2A4225B88A2D0057E210 /* LaunchScreen.storyboard */ = {
			isa = PBXVariantGroup;
			children = (
				B41B2A4325B88A2D0057E210 /* Base */,
			);
			name = LaunchScreen.storyboard;
			sourceTree = "<group>";
		};
/* End PBXVariantGroup section */

/* Begin XCBuildConfiguration section */
		B41B2A4625B88A2D0057E210 /* Debug */ = {
			isa = XCBuildConfiguration;
			buildSettings = {
				ALWAYS_SEARCH_USER_PATHS = NO;
				CLANG_ANALYZER_NONNULL = YES;
				CLANG_ANALYZER_NUMBER_OBJECT_CONVERSION = YES_AGGRESSIVE;
				CLANG_CXX_LANGUAGE_STANDARD = "gnu++14";
				CLANG_CXX_LIBRARY = "libc++";
				CLANG_ENABLE_MODULES = YES;
				CLANG_ENABLE_OBJC_ARC = YES;
				CLANG_ENABLE_OBJC_WEAK = YES;
				CLANG_WARN_BLOCK_CAPTURE_AUTORELEASING = YES;
				CLANG_WARN_BOOL_CONVERSION = YES;
				CLANG_WARN_COMMA = YES;
				CLANG_WARN_CONSTANT_CONVERSION = YES;
				CLANG_WARN_DEPRECATED_OBJC_IMPLEMENTATIONS = YES;
				CLANG_WARN_DIRECT_OBJC_ISA_USAGE = YES_ERROR;
				CLANG_WARN_DOCUMENTATION_COMMENTS = YES;
				CLANG_WARN_EMPTY_BODY = YES;
				CLANG_WARN_ENUM_CONVERSION = YES;
				CLANG_WARN_INFINITE_RECURSION = YES;
				CLANG_WARN_INT_CONVERSION = YES;
				CLANG_WARN_NON_LITERAL_NULL_CONVERSION = YES;
				CLANG_WARN_OBJC_IMPLICIT_RETAIN_SELF = YES;
				CLANG_WARN_OBJC_LITERAL_CONVERSION = YES;
				CLANG_WARN_OBJC_ROOT_CLASS = YES_ERROR;
				CLANG_WARN_QUOTED_INCLUDE_IN_FRAMEWORK_HEADER = YES;
				CLANG_WARN_RANGE_LOOP_ANALYSIS = YES;
				CLANG_WARN_STRICT_PROTOTYPES = YES;
				CLANG_WARN_SUSPICIOUS_MOVE = YES;
				CLANG_WARN_UNGUARDED_AVAILABILITY = YES_AGGRESSIVE;
				CLANG_WARN_UNREACHABLE_CODE = YES;
				CLANG_WARN__DUPLICATE_METHOD_MATCH = YES;
				COPY_PHASE_STRIP = NO;
				DEBUG_INFORMATION_FORMAT = dwarf;
				ENABLE_STRICT_OBJC_MSGSEND = YES;
				ENABLE_TESTABILITY = YES;
				GCC_C_LANGUAGE_STANDARD = gnu11;
				GCC_DYNAMIC_NO_PIC = NO;
				GCC_NO_COMMON_BLOCKS = YES;
				GCC_OPTIMIZATION_LEVEL = 0;
				GCC_PREPROCESSOR_DEFINITIONS = (
					"DEBUG=1",
					"$(inherited)",
				);
				GCC_WARN_64_TO_32_BIT_CONVERSION = YES;
				GCC_WARN_ABOUT_RETURN_TYPE = YES_ERROR;
				GCC_WARN_UNDECLARED_SELECTOR = YES;
				GCC_WARN_UNINITIALIZED_AUTOS = YES_AGGRESSIVE;
				GCC_WARN_UNUSED_FUNCTION = YES;
				GCC_WARN_UNUSED_VARIABLE = YES;
				IPHONEOS_DEPLOYMENT_TARGET = 14.3;
				MTL_ENABLE_DEBUG_INFO = INCLUDE_SOURCE;
				MTL_FAST_MATH = YES;
				ONLY_ACTIVE_ARCH = YES;
				SDKROOT = iphoneos;
				SWIFT_ACTIVE_COMPILATION_CONDITIONS = DEBUG;
				SWIFT_OPTIMIZATION_LEVEL = "-Onone";
			};
			name = Debug;
		};
		B41B2A4725B88A2D0057E210 /* Release */ = {
			isa = XCBuildConfiguration;
			buildSettings = {
				ALWAYS_SEARCH_USER_PATHS = NO;
				CLANG_ANALYZER_NONNULL = YES;
				CLANG_ANALYZER_NUMBER_OBJECT_CONVERSION = YES_AGGRESSIVE;
				CLANG_CXX_LANGUAGE_STANDARD = "gnu++14";
				CLANG_CXX_LIBRARY = "libc++";
				CLANG_ENABLE_MODULES = YES;
				CLANG_ENABLE_OBJC_ARC = YES;
				CLANG_ENABLE_OBJC_WEAK = YES;
				CLANG_WARN_BLOCK_CAPTURE_AUTORELEASING = YES;
				CLANG_WARN_BOOL_CONVERSION = YES;
				CLANG_WARN_COMMA = YES;
				CLANG_WARN_CONSTANT_CONVERSION = YES;
				CLANG_WARN_DEPRECATED_OBJC_IMPLEMENTATIONS = YES;
				CLANG_WARN_DIRECT_OBJC_ISA_USAGE = YES_ERROR;
				CLANG_WARN_DOCUMENTATION_COMMENTS = YES;
				CLANG_WARN_EMPTY_BODY = YES;
				CLANG_WARN_ENUM_CONVERSION = YES;
				CLANG_WARN_INFINITE_RECURSION = YES;
				CLANG_WARN_INT_CONVERSION = YES;
				CLANG_WARN_NON_LITERAL_NULL_CONVERSION = YES;
				CLANG_WARN_OBJC_IMPLICIT_RETAIN_SELF = YES;
				CLANG_WARN_OBJC_LITERAL_CONVERSION = YES;
				CLANG_WARN_OBJC_ROOT_CLASS = YES_ERROR;
				CLANG_WARN_QUOTED_INCLUDE_IN_FRAMEWORK_HEADER = YES;
				CLANG_WARN_RANGE_LOOP_ANALYSIS = YES;
				CLANG_WARN_STRICT_PROTOTYPES = YES;
				CLANG_WARN_SUSPICIOUS_MOVE = YES;
				CLANG_WARN_UNGUARDED_AVAILABILITY = YES_AGGRESSIVE;
				CLANG_WARN_UNREACHABLE_CODE = YES;
				CLANG_WARN__DUPLICATE_METHOD_MATCH = YES;
				COPY_PHASE_STRIP = NO;
				DEBUG_INFORMATION_FORMAT = "dwarf-with-dsym";
				ENABLE_NS_ASSERTIONS = NO;
				ENABLE_STRICT_OBJC_MSGSEND = YES;
				GCC_C_LANGUAGE_STANDARD = gnu11;
				GCC_NO_COMMON_BLOCKS = YES;
				GCC_WARN_64_TO_32_BIT_CONVERSION = YES;
				GCC_WARN_ABOUT_RETURN_TYPE = YES_ERROR;
				GCC_WARN_UNDECLARED_SELECTOR = YES;
				GCC_WARN_UNINITIALIZED_AUTOS = YES_AGGRESSIVE;
				GCC_WARN_UNUSED_FUNCTION = YES;
				GCC_WARN_UNUSED_VARIABLE = YES;
				IPHONEOS_DEPLOYMENT_TARGET = 14.3;
				MTL_ENABLE_DEBUG_INFO = NO;
				MTL_FAST_MATH = YES;
				SDKROOT = iphoneos;
				SWIFT_COMPILATION_MODE = wholemodule;
				SWIFT_OPTIMIZATION_LEVEL = "-O";
				VALIDATE_PRODUCT = YES;
			};
			name = Release;
		};
		B41B2A4925B88A2D0057E210 /* Debug */ = {
			isa = XCBuildConfiguration;
			buildSettings = {
				ASSETCATALOG_COMPILER_APPICON_NAME = AppIcon;
				ASSETCATALOG_COMPILER_GLOBAL_ACCENT_COLOR_NAME = AccentColor;
				CODE_SIGN_STYLE = Automatic;
				DEVELOPMENT_TEAM = N6TJX5R68D;
				INFOPLIST_FILE = ClimaApp/Info.plist;
				LD_RUNPATH_SEARCH_PATHS = (
					"$(inherited)",
					"@executable_path/Frameworks",
				);
				PRODUCT_BUNDLE_IDENTIFIER = com.antoniovidakovic.ClimaApp;
				PRODUCT_NAME = "$(TARGET_NAME)";
				SWIFT_VERSION = 5.0;
				TARGETED_DEVICE_FAMILY = 1;
			};
			name = Debug;
		};
		B41B2A4A25B88A2D0057E210 /* Release */ = {
			isa = XCBuildConfiguration;
			buildSettings = {
				ASSETCATALOG_COMPILER_APPICON_NAME = AppIcon;
				ASSETCATALOG_COMPILER_GLOBAL_ACCENT_COLOR_NAME = AccentColor;
				CODE_SIGN_STYLE = Automatic;
				DEVELOPMENT_TEAM = N6TJX5R68D;
				INFOPLIST_FILE = ClimaApp/Info.plist;
				LD_RUNPATH_SEARCH_PATHS = (
					"$(inherited)",
					"@executable_path/Frameworks",
				);
				PRODUCT_BUNDLE_IDENTIFIER = com.antoniovidakovic.ClimaApp;
				PRODUCT_NAME = "$(TARGET_NAME)";
				SWIFT_VERSION = 5.0;
				TARGETED_DEVICE_FAMILY = 1;
			};
			name = Release;
		};
/* End XCBuildConfiguration section */

/* Begin XCConfigurationList section */
		B41B2A2F25B88A2C0057E210 /* Build configuration list for PBXProject "ClimaApp" */ = {
			isa = XCConfigurationList;
			buildConfigurations = (
				B41B2A4625B88A2D0057E210 /* Debug */,
				B41B2A4725B88A2D0057E210 /* Release */,
			);
			defaultConfigurationIsVisible = 0;
			defaultConfigurationName = Release;
		};
		B41B2A4825B88A2D0057E210 /* Build configuration list for PBXNativeTarget "ClimaApp" */ = {
			isa = XCConfigurationList;
			buildConfigurations = (
				B41B2A4925B88A2D0057E210 /* Debug */,
				B41B2A4A25B88A2D0057E210 /* Release */,
			);
			defaultConfigurationIsVisible = 0;
			defaultConfigurationName = Release;
		};
/* End XCConfigurationList section */
	};
	rootObject = B41B2A2C25B88A2C0057E210 /* Project object */;
}
